
Microsoft Visual Studio Solution File, Format Version 12.00
# Visual Studio Version 16
VisualStudioVersion = 16.0.30413.136
MinimumVisualStudioVersion = 10.0.40219.1
Project("{9A19103F-16F7-4668-BE54-9A1E7A4F7556}") = "NetworkController", "NetworkController\NetworkController.csproj", "{934886A6-DCCB-4CB7-AEE9-66B87B49EFC5}"
EndProject
Project("{FAE04EC0-301F-11D3-BF4B-00C04F79EFBC}") = "ChatClient", "ChatClient\ChatClient.csproj", "{DE21340B-2D8E-4344-AB2F-B7A6C728C93B}"
EndProject
Project("{FAE04EC0-301F-11D3-BF4B-00C04F79EFBC}") = "ChatServer", "ChatServer\ChatServer.csproj", "{96860E0C-8854-457D-96A7-FB199C4365E6}"
EndProject
Project("{9A19103F-16F7-4668-BE54-9A1E7A4F7556}") = "NetworkTestHelper", "NetworkTestHelper\NetworkTestHelper.csproj", "{C5EE024E-67B6-4B30-A4C1-DD40A075D480}"
EndProject
Project("{9A19103F-16F7-4668-BE54-9A1E7A4F7556}") = "NetworkTests", "NetworkTests\NetworkTests.csproj", "{F7C3023B-BA3C-4EDE-A444-67D769D7F0F3}"
EndProject
Global
	GlobalSection(SolutionConfigurationPlatforms) = preSolution
		Debug|Any CPU = Debug|Any CPU
		Release|Any CPU = Release|Any CPU
	EndGlobalSection
	GlobalSection(ProjectConfigurationPlatforms) = postSolution
		{934886A6-DCCB-4CB7-AEE9-66B87B49EFC5}.Debug|Any CPU.ActiveCfg = Debug|Any CPU
		{934886A6-DCCB-4CB7-AEE9-66B87B49EFC5}.Debug|Any CPU.Build.0 = Debug|Any CPU
		{934886A6-DCCB-4CB7-AEE9-66B87B49EFC5}.Release|Any CPU.ActiveCfg = Release|Any CPU
		{934886A6-DCCB-4CB7-AEE9-66B87B49EFC5}.Release|Any CPU.Build.0 = Release|Any CPU
		{DE21340B-2D8E-4344-AB2F-B7A6C728C93B}.Debug|Any CPU.ActiveCfg = Debug|Any CPU
		{DE21340B-2D8E-4344-AB2F-B7A6C728C93B}.Debug|Any CPU.Build.0 = Debug|Any CPU
		{DE21340B-2D8E-4344-AB2F-B7A6C728C93B}.Release|Any CPU.ActiveCfg = Release|Any CPU
		{DE21340B-2D8E-4344-AB2F-B7A6C728C93B}.Release|Any CPU.Build.0 = Release|Any CPU
		{96860E0C-8854-457D-96A7-FB199C4365E6}.Debug|Any CPU.ActiveCfg = Debug|Any CPU
		{96860E0C-8854-457D-96A7-FB199C4365E6}.Debug|Any CPU.Build.0 = Debug|Any CPU
		{96860E0C-8854-457D-96A7-FB199C4365E6}.Release|Any CPU.ActiveCfg = Release|Any CPU
		{96860E0C-8854-457D-96A7-FB199C4365E6}.Release|Any CPU.Build.0 = Release|Any CPU
		{C5EE024E-67B6-4B30-A4C1-DD40A075D480}.Debug|Any CPU.ActiveCfg = Debug|Any CPU
		{C5EE024E-67B6-4B30-A4C1-DD40A075D480}.Debug|Any CPU.Build.0 = Debug|Any CPU
		{C5EE024E-67B6-4B30-A4C1-DD40A075D480}.Release|Any CPU.ActiveCfg = Release|Any CPU
		{C5EE024E-67B6-4B30-A4C1-DD40A075D480}.Release|Any CPU.Build.0 = Release|Any CPU
		{F7C3023B-BA3C-4EDE-A444-67D769D7F0F3}.Debug|Any CPU.ActiveCfg = Debug|Any CPU
		{F7C3023B-BA3C-4EDE-A444-67D769D7F0F3}.Debug|Any CPU.Build.0 = Debug|Any CPU
		{F7C3023B-BA3C-4EDE-A444-67D769D7F0F3}.Release|Any CPU.ActiveCfg = Release|Any CPU
		{F7C3023B-BA3C-4EDE-A444-67D769D7F0F3}.Release|Any CPU.Build.0 = Release|Any CPU
	EndGlobalSection
	GlobalSection(SolutionProperties) = preSolution
		HideSolutionNode = FALSE
	EndGlobalSection
	GlobalSection(ExtensibilityGlobals) = postSolution
		SolutionGuid = {4DBCC227-15C2-49F7-B98C-218D6AB3AEE7}
	EndGlobalSection
EndGlobal
